
Microsoft Visual Studio Solution File, Format Version 12.00
# Visual Studio Version 16
VisualStudioVersion = 16.0.30021.99
MinimumVisualStudioVersion = 10.0.40219.1
Project("{FAE04EC0-301F-11D3-BF4B-00C04F79EFBC}") = "Nuske.Common", "Nuske.Common\Nuske.Common.csproj", "{5AF9E4D8-B017-4C78-9811-D842EAA14BE1}"
EndProject
Project("{FAE04EC0-301F-11D3-BF4B-00C04F79EFBC}") = "Nuske.Web", "Nuske.Web\Nuske.Web.csproj", "{6B4322A0-19AB-4166-AA2A-F5FAFE996028}"
EndProject
Global
	GlobalSection(SolutionConfigurationPlatforms) = preSolution
		Debug|Any CPU = Debug|Any CPU
		Release|Any CPU = Release|Any CPU
	EndGlobalSection
	GlobalSection(ProjectConfigurationPlatforms) = postSolution
		{5AF9E4D8-B017-4C78-9811-D842EAA14BE1}.Debug|Any CPU.ActiveCfg = Debug|Any CPU
		{5AF9E4D8-B017-4C78-9811-D842EAA14BE1}.Debug|Any CPU.Build.0 = Debug|Any CPU
		{5AF9E4D8-B017-4C78-9811-D842EAA14BE1}.Release|Any CPU.ActiveCfg = Release|Any CPU
		{5AF9E4D8-B017-4C78-9811-D842EAA14BE1}.Release|Any CPU.Build.0 = Release|Any CPU
		{6B4322A0-19AB-4166-AA2A-F5FAFE996028}.Debug|Any CPU.ActiveCfg = Debug|Any CPU
		{6B4322A0-19AB-4166-AA2A-F5FAFE996028}.Debug|Any CPU.Build.0 = Debug|Any CPU
		{6B4322A0-19AB-4166-AA2A-F5FAFE996028}.Release|Any CPU.ActiveCfg = Release|Any CPU
		{6B4322A0-19AB-4166-AA2A-F5FAFE996028}.Release|Any CPU.Build.0 = Release|Any CPU
	EndGlobalSection
	GlobalSection(SolutionProperties) = preSolution
		HideSolutionNode = FALSE
	EndGlobalSection
	GlobalSection(ExtensibilityGlobals) = postSolution
		SolutionGuid = {C4DD5944-9752-41BE-BAF6-817DA1C7F340}
	EndGlobalSection
EndGlobal
